<?xml version="1.0" encoding="utf-8"?>
<Project ToolsVersion="4.0" xmlns="http://schemas.microsoft.com/developer/msbuild/2003">
  <ItemGroup>
    <ClCompile Include="test\main.cpp" />
  </ItemGroup>
  <ItemGroup>
    <ClInclude Include="test\test_handle.h" />
    <ClInclude Include="test\test_harness.h" />
    <ClInclude Include="test\test_circular_buffer.h" />
    <ClInclude Include="test\test_nonce_buffer.h" />
  </ItemGroup>
  <ItemGroup>
    <None Include="shared_libs\physfs.dll" />
  </ItemGroup>
  <ItemGroup>
    <Library Include="shared_libs\physfs.lib" />
  </ItemGroup>
</Project>